
Microsoft Visual Studio Solution File, Format Version 12.00
# Visual Studio 2013
VisualStudioVersion = 12.0.40629.0
MinimumVisualStudioVersion = 10.0.40219.1
Project("{FAE04EC0-301F-11D3-BF4B-00C04F79EFBC}") = "Launcher", "Launcher\Launcher.csproj", "{F36419B6-C2C5-49DA-8160-F2301B1076C5}"
EndProject
Project("{FAE04EC0-301F-11D3-BF4B-00C04F79EFBC}") = "Hash Generator", "Hash Generator\Hash Generator.csproj", "{7CABB04A-BFB6-4068-AFFE-3206F8C5E1ED}"
EndProject
Global
	GlobalSection(SolutionConfigurationPlatforms) = preSolution
		Debug|Any CPU = Debug|Any CPU
		Release|Any CPU = Release|Any CPU
	EndGlobalSection
	GlobalSection(ProjectConfigurationPlatforms) = postSolution
		{F36419B6-C2C5-49DA-8160-F2301B1076C5}.Debug|Any CPU.ActiveCfg = Debug|Any CPU
		{F36419B6-C2C5-49DA-8160-F2301B1076C5}.Debug|Any CPU.Build.0 = Debug|Any CPU
		{F36419B6-C2C5-49DA-8160-F2301B1076C5}.Release|Any CPU.ActiveCfg = Release|Any CPU
		{F36419B6-C2C5-49DA-8160-F2301B1076C5}.Release|Any CPU.Build.0 = Release|Any CPU
		{7CABB04A-BFB6-4068-AFFE-3206F8C5E1ED}.Debug|Any CPU.ActiveCfg = Debug|Any CPU
		{7CABB04A-BFB6-4068-AFFE-3206F8C5E1ED}.Debug|Any CPU.Build.0 = Debug|Any CPU
		{7CABB04A-BFB6-4068-AFFE-3206F8C5E1ED}.Release|Any CPU.ActiveCfg = Release|Any CPU
		{7CABB04A-BFB6-4068-AFFE-3206F8C5E1ED}.Release|Any CPU.Build.0 = Release|Any CPU
	EndGlobalSection
	GlobalSection(SolutionProperties) = preSolution
		HideSolutionNode = FALSE
	EndGlobalSection
EndGlobal
